
Microsoft Visual Studio Solution File, Format Version 12.00
# Visual Studio Version 17
VisualStudioVersion = 17.11.35327.3
MinimumVisualStudioVersion = 10.0.40219.1
Project("{FAE04EC0-301F-11D3-BF4B-00C04F79EFBC}") = "jonv11.Citycoon.Core", "jonv11.Citycoon.Core\jonv11.Citycoon.Core.csproj", "{196FA541-4926-41AA-B3C7-D32E11462B2E}"
EndProject
Global
	GlobalSection(SolutionConfigurationPlatforms) = preSolution
		Debug|Any CPU = Debug|Any CPU
		Release|Any CPU = Release|Any CPU
	EndGlobalSection
	GlobalSection(ProjectConfigurationPlatforms) = postSolution
		{196FA541-4926-41AA-B3C7-D32E11462B2E}.Debug|Any CPU.ActiveCfg = Debug|Any CPU
		{196FA541-4926-41AA-B3C7-D32E11462B2E}.Debug|Any CPU.Build.0 = Debug|Any CPU
		{196FA541-4926-41AA-B3C7-D32E11462B2E}.Release|Any CPU.ActiveCfg = Release|Any CPU
		{196FA541-4926-41AA-B3C7-D32E11462B2E}.Release|Any CPU.Build.0 = Release|Any CPU
	EndGlobalSection
	GlobalSection(SolutionProperties) = preSolution
		HideSolutionNode = FALSE
	EndGlobalSection
	GlobalSection(ExtensibilityGlobals) = postSolution
		SolutionGuid = {78FF684D-AF65-446B-BC43-857A548EEA28}
	EndGlobalSection
EndGlobal
